
Microsoft Visual Studio Solution File, Format Version 12.00
# Visual Studio 15
VisualStudioVersion = 15.0.27004.2009
MinimumVisualStudioVersion = 10.0.40219.1
Project("{888888A0-9F3D-457C-B088-3A5042F75D52}") = "XOX_AI", "XOX_AI\XOX_AI.pyproj", "{8DAC6B50-3F8D-467B-88B8-C68E78E71B3F}"
EndProject
Global
	GlobalSection(SolutionConfigurationPlatforms) = preSolution
		Debug|Any CPU = Debug|Any CPU
		Release|Any CPU = Release|Any CPU
	EndGlobalSection
	GlobalSection(ProjectConfigurationPlatforms) = postSolution
		{8DAC6B50-3F8D-467B-88B8-C68E78E71B3F}.Debug|Any CPU.ActiveCfg = Debug|Any CPU
		{8DAC6B50-3F8D-467B-88B8-C68E78E71B3F}.Release|Any CPU.ActiveCfg = Release|Any CPU
	EndGlobalSection
	GlobalSection(SolutionProperties) = preSolution
		HideSolutionNode = FALSE
	EndGlobalSection
	GlobalSection(ExtensibilityGlobals) = postSolution
		SolutionGuid = {4115AAC2-8792-4041-A1B1-C72E882F935A}
	EndGlobalSection
EndGlobal
